
Microsoft Visual Studio Solution File, Format Version 12.00
# Visual Studio Version 16
VisualStudioVersion = 16.0.35229.62
MinimumVisualStudioVersion = 10.0.40219.1
Project("{FAE04EC0-301F-11D3-BF4B-00C04F79EFBC}") = "Sniffer", "Sniffer.csproj", "{3A636465-7A31-4504-9C57-8603776D57FC}"
EndProject
Global
	GlobalSection(SolutionConfigurationPlatforms) = preSolution
		Debug|Any CPU = Debug|Any CPU
		Release|Any CPU = Release|Any CPU
	EndGlobalSection
	GlobalSection(ProjectConfigurationPlatforms) = postSolution
		{3A636465-7A31-4504-9C57-8603776D57FC}.Debug|Any CPU.ActiveCfg = Debug|Any CPU
		{3A636465-7A31-4504-9C57-8603776D57FC}.Debug|Any CPU.Build.0 = Debug|Any CPU
		{3A636465-7A31-4504-9C57-8603776D57FC}.Release|Any CPU.ActiveCfg = Release|Any CPU
		{3A636465-7A31-4504-9C57-8603776D57FC}.Release|Any CPU.Build.0 = Release|Any CPU
	EndGlobalSection
	GlobalSection(SolutionProperties) = preSolution
		HideSolutionNode = FALSE
	EndGlobalSection
	GlobalSection(ExtensibilityGlobals) = postSolution
		SolutionGuid = {EB5B91B1-5B5B-4B15-9A9B-945342E761D9}
	EndGlobalSection
EndGlobal
